// !$*UTF8*$!
{
	archiveVersion = 1;
	classes = {
	};
	objectVersion = 46;
	objects = {

/* Begin PBXBuildFile section */
		8FC531711E7B6305000D3C8D /* Image.xcassets in Resources */ = {isa = PBXBuildFile; fileRef = 8FC531701E7B6305000D3C8D /* Image.xcassets */; };
		8FEBE1151E7A707B00DC9AF2 /* main.m in Sources */ = {isa = PBXBuildFile; fileRef = 8FEBE1141E7A707B00DC9AF2 /* main.m */; };
		8FEBE1181E7A707B00DC9AF2 /* AppDelegate.m in Sources */ = {isa = PBXBuildFile; fileRef = 8FEBE1171E7A707B00DC9AF2 /* AppDelegate.m */; };
		8FEBE11B1E7A707B00DC9AF2 /* ViewController.m in Sources */ = {isa = PBXBuildFile; fileRef = 8FEBE11A1E7A707B00DC9AF2 /* ViewController.m */; };
		8FEBE11E1E7A707B00DC9AF2 /* Main.storyboard in Resources */ = {isa = PBXBuildFile; fileRef = 8FEBE11C1E7A707B00DC9AF2 /* Main.storyboard */; };
		8FEBE1231E7A707B00DC9AF2 /* LaunchScreen.storyboard in Resources */ = {isa = PBXBuildFile; fileRef = 8FEBE1211E7A707B00DC9AF2 /* LaunchScreen.storyboard */; };
		8FEBE1321E7A72A800DC9AF2 /* TTMWebImageProgressLineView.m in Sources */ = {isa = PBXBuildFile; fileRef = 8FEBE12D1E7A72A800DC9AF2 /* TTMWebImageProgressLineView.m */; };
		8FEBE1331E7A72A800DC9AF2 /* TTMWebImageTraits.m in Sources */ = {isa = PBXBuildFile; fileRef = 8FEBE12F1E7A72A800DC9AF2 /* TTMWebImageTraits.m */; };
		8FEBE1341E7A72A800DC9AF2 /* UIImageView+TTMWebImageFetch.m in Sources */ = {isa = PBXBuildFile; fileRef = 8FEBE1311E7A72A800DC9AF2 /* UIImageView+TTMWebImageFetch.m */; };
		A87B66C13FFCBE732699B2CB /* libPods-TTMWebImage_Demo.a in Frameworks */ = {isa = PBXBuildFile; fileRef = 9008509901E98906FE20E30C /* libPods-TTMWebImage_Demo.a */; };
/* End PBXBuildFile section */

/* Begin PBXFileReference section */
		8FC531701E7B6305000D3C8D /* Image.xcassets */ = {isa = PBXFileReference; lastKnownFileType = folder.assetcatalog; path = Image.xcassets; sourceTree = "<group>"; };
		8FEBE1101E7A707B00DC9AF2 /* TTMWebImage_Demo.app */ = {isa = PBXFileReference; explicitFileType = wrapper.application; includeInIndex = 0; path = TTMWebImage_Demo.app; sourceTree = BUILT_PRODUCTS_DIR; };
		8FEBE1141E7A707B00DC9AF2 /* main.m */ = {isa = PBXFileReference; lastKnownFileType = sourcecode.c.objc; path = main.m; sourceTree = "<group>"; };
		8FEBE1161E7A707B00DC9AF2 /* AppDelegate.h */ = {isa = PBXFileReference; lastKnownFileType = sourcecode.c.h; path = AppDelegate.h; sourceTree = "<group>"; };
		8FEBE1171E7A707B00DC9AF2 /* AppDelegate.m */ = {isa = PBXFileReference; lastKnownFileType = sourcecode.c.objc; path = AppDelegate.m; sourceTree = "<group>"; };
		8FEBE1191E7A707B00DC9AF2 /* ViewController.h */ = {isa = PBXFileReference; lastKnownFileType = sourcecode.c.h; path = ViewController.h; sourceTree = "<group>"; };
		8FEBE11A1E7A707B00DC9AF2 /* ViewController.m */ = {isa = PBXFileReference; lastKnownFileType = sourcecode.c.objc; path = ViewController.m; sourceTree = "<group>"; };
		8FEBE11D1E7A707B00DC9AF2 /* Base */ = {isa = PBXFileReference; lastKnownFileType = file.storyboard; name = Base; path = Base.lproj/Main.storyboard; sourceTree = "<group>"; };
		8FEBE1221E7A707B00DC9AF2 /* Base */ = {isa = PBXFileReference; lastKnownFileType = file.storyboard; name = Base; path = Base.lproj/LaunchScreen.storyboard; sourceTree = "<group>"; };
		8FEBE1241E7A707B00DC9AF2 /* Info.plist */ = {isa = PBXFileReference; lastKnownFileType = text.plist.xml; path = Info.plist; sourceTree = "<group>"; };
		8FEBE12B1E7A72A800DC9AF2 /* TTMWebImage.h */ = {isa = PBXFileReference; fileEncoding = 4; lastKnownFileType = sourcecode.c.h; path = TTMWebImage.h; sourceTree = "<group>"; };
		8FEBE12C1E7A72A800DC9AF2 /* TTMWebImageProgressLineView.h */ = {isa = PBXFileReference; fileEncoding = 4; lastKnownFileType = sourcecode.c.h; path = TTMWebImageProgressLineView.h; sourceTree = "<group>"; };
		8FEBE12D1E7A72A800DC9AF2 /* TTMWebImageProgressLineView.m */ = {isa = PBXFileReference; fileEncoding = 4; lastKnownFileType = sourcecode.c.objc; path = TTMWebImageProgressLineView.m; sourceTree = "<group>"; };
		8FEBE12E1E7A72A800DC9AF2 /* TTMWebImageTraits.h */ = {isa = PBXFileReference; fileEncoding = 4; lastKnownFileType = sourcecode.c.h; path = TTMWebImageTraits.h; sourceTree = "<group>"; };
		8FEBE12F1E7A72A800DC9AF2 /* TTMWebImageTraits.m */ = {isa = PBXFileReference; fileEncoding = 4; lastKnownFileType = sourcecode.c.objc; path = TTMWebImageTraits.m; sourceTree = "<group>"; };
		8FEBE1301E7A72A800DC9AF2 /* UIImageView+TTMWebImageFetch.h */ = {isa = PBXFileReference; fileEncoding = 4; lastKnownFileType = sourcecode.c.h; path = "UIImageView+TTMWebImageFetch.h"; sourceTree = "<group>"; };
		8FEBE1311E7A72A800DC9AF2 /* UIImageView+TTMWebImageFetch.m */ = {isa = PBXFileReference; fileEncoding = 4; lastKnownFileType = sourcecode.c.objc; path = "UIImageView+TTMWebImageFetch.m"; sourceTree = "<group>"; };
		9008509901E98906FE20E30C /* libPods-TTMWebImage_Demo.a */ = {isa = PBXFileReference; explicitFileType = archive.ar; includeInIndex = 0; path = "libPods-TTMWebImage_Demo.a"; sourceTree = BUILT_PRODUCTS_DIR; };
		D4F3069F54A900D1F1158A41 /* Pods-TTMWebImage_Demo.release.xcconfig */ = {isa = PBXFileReference; includeInIndex = 1; lastKnownFileType = text.xcconfig; name = "Pods-TTMWebImage_Demo.release.xcconfig"; path = "Pods/Target Support Files/Pods-TTMWebImage_Demo/Pods-TTMWebImage_Demo.release.xcconfig"; sourceTree = "<group>"; };
		F677B8C7EB39D0FA20CAC61E /* Pods-TTMWebImage_Demo.debug.xcconfig */ = {isa = PBXFileReference; includeInIndex = 1; lastKnownFileType = text.xcconfig; name = "Pods-TTMWebImage_Demo.debug.xcconfig"; path = "Pods/Target Support Files/Pods-TTMWebImage_Demo/Pods-TTMWebImage_Demo.debug.xcconfig"; sourceTree = "<group>"; };
/* End PBXFileReference section */

/* Begin PBXFrameworksBuildPhase section */
		8FEBE10D1E7A707B00DC9AF2 /* Frameworks */ = {
			isa = PBXFrameworksBuildPhase;
			buildActionMask = 2147483647;
			files = (
				A87B66C13FFCBE732699B2CB /* libPods-TTMWebImage_Demo.a in Frameworks */,
			);
			runOnlyForDeploymentPostprocessing = 0;
		};
/* End PBXFrameworksBuildPhase section */

/* Begin PBXGroup section */
		8FEBE1071E7A707B00DC9AF2 = {
			isa = PBXGroup;
			children = (
				8FEBE12A1E7A72A800DC9AF2 /* TTMWebImage */,
				8FEBE1121E7A707B00DC9AF2 /* TTMWebImage_Demo */,
				8FEBE1111E7A707B00DC9AF2 /* Products */,
				D1D80BB14ACD5B8E8671A7A2 /* Pods */,
				A66A3E2718F29BDA198F0823 /* Frameworks */,
			);
			sourceTree = "<group>";
		};
		8FEBE1111E7A707B00DC9AF2 /* Products */ = {
			isa = PBXGroup;
			children = (
				8FEBE1101E7A707B00DC9AF2 /* TTMWebImage_Demo.app */,
			);
			name = Products;
			sourceTree = "<group>";
		};
		8FEBE1121E7A707B00DC9AF2 /* TTMWebImage_Demo */ = {
			isa = PBXGroup;
			children = (
				8FEBE1161E7A707B00DC9AF2 /* AppDelegate.h */,
				8FEBE1171E7A707B00DC9AF2 /* AppDelegate.m */,
				8FEBE1191E7A707B00DC9AF2 /* ViewController.h */,
				8FEBE11A1E7A707B00DC9AF2 /* ViewController.m */,
				8FEBE11C1E7A707B00DC9AF2 /* Main.storyboard */,
				8FEBE1211E7A707B00DC9AF2 /* LaunchScreen.storyboard */,
				8FC531701E7B6305000D3C8D /* Image.xcassets */,
				8FEBE1241E7A707B00DC9AF2 /* Info.plist */,
				8FEBE1131E7A707B00DC9AF2 /* Supporting Files */,
			);
			path = TTMWebImage_Demo;
			sourceTree = "<group>";
		};
		8FEBE1131E7A707B00DC9AF2 /* Supporting Files */ = {
			isa = PBXGroup;
			children = (
				8FEBE1141E7A707B00DC9AF2 /* main.m */,
			);
			name = "Supporting Files";
			sourceTree = "<group>";
		};
		8FEBE12A1E7A72A800DC9AF2 /* TTMWebImage */ = {
			isa = PBXGroup;
			children = (
				8FEBE12B1E7A72A800DC9AF2 /* TTMWebImage.h */,
				8FEBE12C1E7A72A800DC9AF2 /* TTMWebImageProgressLineView.h */,
				8FEBE12D1E7A72A800DC9AF2 /* TTMWebImageProgressLineView.m */,
				8FEBE12E1E7A72A800DC9AF2 /* TTMWebImageTraits.h */,
				8FEBE12F1E7A72A800DC9AF2 /* TTMWebImageTraits.m */,
				8FEBE1301E7A72A800DC9AF2 /* UIImageView+TTMWebImageFetch.h */,
				8FEBE1311E7A72A800DC9AF2 /* UIImageView+TTMWebImageFetch.m */,
			);
			path = TTMWebImage;
			sourceTree = "<group>";
		};
		A66A3E2718F29BDA198F0823 /* Frameworks */ = {
			isa = PBXGroup;
			children = (
				9008509901E98906FE20E30C /* libPods-TTMWebImage_Demo.a */,
			);
			name = Frameworks;
			sourceTree = "<group>";
		};
		D1D80BB14ACD5B8E8671A7A2 /* Pods */ = {
			isa = PBXGroup;
			children = (
				F677B8C7EB39D0FA20CAC61E /* Pods-TTMWebImage_Demo.debug.xcconfig */,
				D4F3069F54A900D1F1158A41 /* Pods-TTMWebImage_Demo.release.xcconfig */,
			);
			name = Pods;
			sourceTree = "<group>";
		};
/* End PBXGroup section */

/* Begin PBXNativeTarget section */
		8FEBE10F1E7A707B00DC9AF2 /* TTMWebImage_Demo */ = {
			isa = PBXNativeTarget;
			buildConfigurationList = 8FEBE1271E7A707B00DC9AF2 /* Build configuration list for PBXNativeTarget "TTMWebImage_Demo" */;
			buildPhases = (
				6B67C1E5C0CFA493A23DC9FE /* [CP] Check Pods Manifest.lock */,
				8FEBE10C1E7A707B00DC9AF2 /* Sources */,
				8FEBE10D1E7A707B00DC9AF2 /* Frameworks */,
				8FEBE10E1E7A707B00DC9AF2 /* Resources */,
				1A6305178DB2B4E217859E43 /* [CP] Embed Pods Frameworks */,
				F74E306CEA13F9DAC7CDD2E6 /* [CP] Copy Pods Resources */,
			);
			buildRules = (
			);
			dependencies = (
			);
			name = TTMWebImage_Demo;
			productName = TTMWebImage_Demo;
			productReference = 8FEBE1101E7A707B00DC9AF2 /* TTMWebImage_Demo.app */;
			productType = "com.apple.product-type.application";
		};
/* End PBXNativeTarget section */

/* Begin PBXProject section */
		8FEBE1081E7A707B00DC9AF2 /* Project object */ = {
			isa = PBXProject;
			attributes = {
				LastUpgradeCheck = 0820;
				ORGANIZATIONNAME = "李正兵";
				TargetAttributes = {
					8FEBE10F1E7A707B00DC9AF2 = {
						CreatedOnToolsVersion = 8.2.1;
						DevelopmentTeam = 2G4AT7N2J9;
						ProvisioningStyle = Automatic;
					};
				};
			};
			buildConfigurationList = 8FEBE10B1E7A707B00DC9AF2 /* Build configuration list for PBXProject "TTMWebImage_Demo" */;
			compatibilityVersion = "Xcode 3.2";
			developmentRegion = English;
			hasScannedForEncodings = 0;
			knownRegions = (
				en,
				Base,
			);
			mainGroup = 8FEBE1071E7A707B00DC9AF2;
			productRefGroup = 8FEBE1111E7A707B00DC9AF2 /* Products */;
			projectDirPath = "";
			projectRoot = "";
			targets = (
				8FEBE10F1E7A707B00DC9AF2 /* TTMWebImage_Demo */,
			);
		};
/* End PBXProject section */

/* Begin PBXResourcesBuildPhase section */
		8FEBE10E1E7A707B00DC9AF2 /* Resources */ = {
			isa = PBXResourcesBuildPhase;
			buildActionMask = 2147483647;
			files = (
				8FEBE1231E7A707B00DC9AF2 /* LaunchScreen.storyboard in Resources */,
				8FC531711E7B6305000D3C8D /* Image.xcassets in Resources */,
				8FEBE11E1E7A707B00DC9AF2 /* Main.storyboard in Resources */,
			);
			runOnlyForDeploymentPostprocessing = 0;
		};
/* End PBXResourcesBuildPhase section */

/* Begin PBXShellScriptBuildPhase section */
		1A6305178DB2B4E217859E43 /* [CP] Embed Pods Frameworks */ = {
			isa = PBXShellScriptBuildPhase;
			buildActionMask = 2147483647;
			files = (
			);
			inputPaths = (
			);
			name = "[CP] Embed Pods Frameworks";
			outputPaths = (
			);
			runOnlyForDeploymentPostprocessing = 0;
			shellPath = /bin/sh;
			shellScript = "\"${SRCROOT}/Pods/Target Support Files/Pods-TTMWebImage_Demo/Pods-TTMWebImage_Demo-frameworks.sh\"\n";
			showEnvVarsInLog = 0;
		};
		6B67C1E5C0CFA493A23DC9FE /* [CP] Check Pods Manifest.lock */ = {
			isa = PBXShellScriptBuildPhase;
			buildActionMask = 2147483647;
			files = (
			);
			inputPaths = (
			);
			name = "[CP] Check Pods Manifest.lock";
			outputPaths = (
			);
			runOnlyForDeploymentPostprocessing = 0;
			shellPath = /bin/sh;
			shellScript = "diff \"${PODS_ROOT}/../Podfile.lock\" \"${PODS_ROOT}/Manifest.lock\" > /dev/null\nif [ $? != 0 ] ; then\n    # print error to STDERR\n    echo \"error: The sandbox is not in sync with the Podfile.lock. Run 'pod install' or update your CocoaPods installation.\" >&2\n    exit 1\nfi\n";
			showEnvVarsInLog = 0;
		};
		F74E306CEA13F9DAC7CDD2E6 /* [CP] Copy Pods Resources */ = {
			isa = PBXShellScriptBuildPhase;
			buildActionMask = 2147483647;
			files = (
			);
			inputPaths = (
			);
			name = "[CP] Copy Pods Resources";
			outputPaths = (
			);
			runOnlyForDeploymentPostprocessing = 0;
			shellPath = /bin/sh;
			shellScript = "\"${SRCROOT}/Pods/Target Support Files/Pods-TTMWebImage_Demo/Pods-TTMWebImage_Demo-resources.sh\"\n";
			showEnvVarsInLog = 0;
		};
/* End PBXShellScriptBuildPhase section */

/* Begin PBXSourcesBuildPhase section */
		8FEBE10C1E7A707B00DC9AF2 /* Sources */ = {
			isa = PBXSourcesBuildPhase;
			buildActionMask = 2147483647;
			files = (
				8FEBE11B1E7A707B00DC9AF2 /* ViewController.m in Sources */,
				8FEBE1181E7A707B00DC9AF2 /* AppDelegate.m in Sources */,
				8FEBE1151E7A707B00DC9AF2 /* main.m in Sources */,
				8FEBE1341E7A72A800DC9AF2 /* UIImageView+TTMWebImageFetch.m in Sources */,
				8FEBE1331E7A72A800DC9AF2 /* TTMWebImageTraits.m in Sources */,
				8FEBE1321E7A72A800DC9AF2 /* TTMWebImageProgressLineView.m in Sources */,
			);
			runOnlyForDeploymentPostprocessing = 0;
		};
/* End PBXSourcesBuildPhase section */

/* Begin PBXVariantGroup section */
		8FEBE11C1E7A707B00DC9AF2 /* Main.storyboard */ = {
			isa = PBXVariantGroup;
			children = (
				8FEBE11D1E7A707B00DC9AF2 /* Base */,
			);
			name = Main.storyboard;
			sourceTree = "<group>";
		};
		8FEBE1211E7A707B00DC9AF2 /* LaunchScreen.storyboard */ = {
			isa = PBXVariantGroup;
			children = (
				8FEBE1221E7A707B00DC9AF2 /* Base */,
			);
			name = LaunchScreen.storyboard;
			sourceTree = "<group>";
		};
/* End PBXVariantGroup section */

/* Begin XCBuildConfiguration section */
		8FEBE1251E7A707B00DC9AF2 /* Debug */ = {
			isa = XCBuildConfiguration;
			buildSettings = {
				ALWAYS_SEARCH_USER_PATHS = NO;
				CLANG_ANALYZER_NONNULL = YES;
				CLANG_CXX_LANGUAGE_STANDARD = "gnu++0x";
				CLANG_CXX_LIBRARY = "libc++";
				CLANG_ENABLE_MODULES = YES;
				CLANG_ENABLE_OBJC_ARC = YES;
				CLANG_WARN_BOOL_CONVERSION = YES;
				CLANG_WARN_CONSTANT_CONVERSION = YES;
				CLANG_WARN_DIRECT_OBJC_ISA_USAGE = YES_ERROR;
				CLANG_WARN_DOCUMENTATION_COMMENTS = YES;
				CLANG_WARN_EMPTY_BODY = YES;
				CLANG_WARN_ENUM_CONVERSION = YES;
				CLANG_WARN_INFINITE_RECURSION = YES;
				CLANG_WARN_INT_CONVERSION = YES;
				CLANG_WARN_OBJC_ROOT_CLASS = YES_ERROR;
				CLANG_WARN_SUSPICIOUS_MOVE = YES;
				CLANG_WARN_UNREACHABLE_CODE = YES;
				CLANG_WARN__DUPLICATE_METHOD_MATCH = YES;
				"CODE_SIGN_IDENTITY[sdk=iphoneos*]" = "iPhone Developer";
				COPY_PHASE_STRIP = NO;
				DEBUG_INFORMATION_FORMAT = dwarf;
				ENABLE_STRICT_OBJC_MSGSEND = YES;
				ENABLE_TESTABILITY = YES;
				GCC_C_LANGUAGE_STANDARD = gnu99;
				GCC_DYNAMIC_NO_PIC = NO;
				GCC_NO_COMMON_BLOCKS = YES;
				GCC_OPTIMIZATION_LEVEL = 0;
				GCC_PREPROCESSOR_DEFINITIONS = (
					"DEBUG=1",
					"$(inherited)",
				);
				GCC_WARN_64_TO_32_BIT_CONVERSION = YES;
				GCC_WARN_ABOUT_RETURN_TYPE = YES_ERROR;
				GCC_WARN_UNDECLARED_SELECTOR = YES;
				GCC_WARN_UNINITIALIZED_AUTOS = YES_AGGRESSIVE;
				GCC_WARN_UNUSED_FUNCTION = YES;
				GCC_WARN_UNUSED_VARIABLE = YES;
				IPHONEOS_DEPLOYMENT_TARGET = 10.2;
				MTL_ENABLE_DEBUG_INFO = YES;
				ONLY_ACTIVE_ARCH = YES;
				SDKROOT = iphoneos;
			};
			name = Debug;
		};
		8FEBE1261E7A707B00DC9AF2 /* Release */ = {
			isa = XCBuildConfiguration;
			buildSettings = {
				ALWAYS_SEARCH_USER_PATHS = NO;
				CLANG_ANALYZER_NONNULL = YES;
				CLANG_CXX_LANGUAGE_STANDARD = "gnu++0x";
				CLANG_CXX_LIBRARY = "libc++";
				CLANG_ENABLE_MODULES = YES;
				CLANG_ENABLE_OBJC_ARC = YES;
				CLANG_WARN_BOOL_CONVERSION = YES;
				CLANG_WARN_CONSTANT_CONVERSION = YES;
				CLANG_WARN_DIRECT_OBJC_ISA_USAGE = YES_ERROR;
				CLANG_WARN_DOCUMENTATION_COMMENTS = YES;
				CLANG_WARN_EMPTY_BODY = YES;
				CLANG_WARN_ENUM_CONVERSION = YES;
				CLANG_WARN_INFINITE_RECURSION = YES;
				CLANG_WARN_INT_CONVERSION = YES;
				CLANG_WARN_OBJC_ROOT_CLASS = YES_ERROR;
				CLANG_WARN_SUSPICIOUS_MOVE = YES;
				CLANG_WARN_UNREACHABLE_CODE = YES;
				CLANG_WARN__DUPLICATE_METHOD_MATCH = YES;
				"CODE_SIGN_IDENTITY[sdk=iphoneos*]" = "iPhone Developer";
				COPY_PHASE_STRIP = NO;
				DEBUG_INFORMATION_FORMAT = "dwarf-with-dsym";
				ENABLE_NS_ASSERTIONS = NO;
				ENABLE_STRICT_OBJC_MSGSEND = YES;
				GCC_C_LANGUAGE_STANDARD = gnu99;
				GCC_NO_COMMON_BLOCKS = YES;
				GCC_WARN_64_TO_32_BIT_CONVERSION = YES;
				GCC_WARN_ABOUT_RETURN_TYPE = YES_ERROR;
				GCC_WARN_UNDECLARED_SELECTOR = YES;
				GCC_WARN_UNINITIALIZED_AUTOS = YES_AGGRESSIVE;
				GCC_WARN_UNUSED_FUNCTION = YES;
				GCC_WARN_UNUSED_VARIABLE = YES;
				IPHONEOS_DEPLOYMENT_TARGET = 10.2;
				MTL_ENABLE_DEBUG_INFO = NO;
				SDKROOT = iphoneos;
				VALIDATE_PRODUCT = YES;
			};
			name = Release;
		};
		8FEBE1281E7A707B00DC9AF2 /* Debug */ = {
			isa = XCBuildConfiguration;
			baseConfigurationReference = F677B8C7EB39D0FA20CAC61E /* Pods-TTMWebImage_Demo.debug.xcconfig */;
			buildSettings = {
				ASSETCATALOG_COMPILER_APPICON_NAME = AppIcon;
				DEVELOPMENT_TEAM = 2G4AT7N2J9;
				INFOPLIST_FILE = TTMWebImage_Demo/Info.plist;
				LD_RUNPATH_SEARCH_PATHS = "$(inherited) @executable_path/Frameworks";
				PRODUCT_BUNDLE_IDENTIFIER = "com.private.TTMWebImage-Demo";
				PRODUCT_NAME = "$(TARGET_NAME)";
			};
			name = Debug;
		};
		8FEBE1291E7A707B00DC9AF2 /* Release */ = {
			isa = XCBuildConfiguration;
			baseConfigurationReference = D4F3069F54A900D1F1158A41 /* Pods-TTMWebImage_Demo.release.xcconfig */;
			buildSettings = {
				ASSETCATALOG_COMPILER_APPICON_NAME = AppIcon;
				DEVELOPMENT_TEAM = 2G4AT7N2J9;
				INFOPLIST_FILE = TTMWebImage_Demo/Info.plist;
				LD_RUNPATH_SEARCH_PATHS = "$(inherited) @executable_path/Frameworks";
				PRODUCT_BUNDLE_IDENTIFIER = "com.private.TTMWebImage-Demo";
				PRODUCT_NAME = "$(TARGET_NAME)";
			};
			name = Release;
		};
/* End XCBuildConfiguration section */

/* Begin XCConfigurationList section */
		8FEBE10B1E7A707B00DC9AF2 /* Build configuration list for PBXProject "TTMWebImage_Demo" */ = {
			isa = XCConfigurationList;
			buildConfigurations = (
				8FEBE1251E7A707B00DC9AF2 /* Debug */,
				8FEBE1261E7A707B00DC9AF2 /* Release */,
			);
			defaultConfigurationIsVisible = 0;
			defaultConfigurationName = Release;
		};
		8FEBE1271E7A707B00DC9AF2 /* Build configuration list for PBXNativeTarget "TTMWebImage_Demo" */ = {
			isa = XCConfigurationList;
			buildConfigurations = (
				8FEBE1281E7A707B00DC9AF2 /* Debug */,
				8FEBE1291E7A707B00DC9AF2 /* Release */,
			);
			defaultConfigurationIsVisible = 0;
			defaultConfigurationName = Release;
		};
/* End XCConfigurationList section */
	};
	rootObject = 8FEBE1081E7A707B00DC9AF2 /* Project object */;
}
